{
  "name": "w1aw-schedule-shared",
  "version": "1.0.0",
  "lockfileVersion": 3,
  "requires": true,
  "packages": {
    "": {
      "name": "w1aw-schedule-shared",
      "version": "1.0.0",
      "dependencies": {
        "uuid-by-string": "^4.0.0"
      },
      "devDependencies": {
        "typescript": "^5.9.3"
      }
    },
    "node_modules/js-md5": {
      "version": "0.7.3",
      "resolved": "https://registry.npmjs.org/js-md5/-/js-md5-0.7.3.tgz",
      "integrity": "sha512-ZC41vPSTLKGwIRjqDh8DfXoCrdQIyBgspJVPXHBGu4nZlAEvG3nf+jO9avM9RmLiGakg7vz974ms99nEV0tmTQ==",
      "license": "MIT"
    },
    "node_modules/js-sha1": {
      "version": "0.6.0",
      "resolved": "https://registry.npmjs.org/js-sha1/-/js-sha1-0.6.0.tgz",
      "integrity": "sha512-01gwBFreYydzmU9BmZxpVk6svJJHrVxEN3IOiGl6VO93bVKYETJ0sIth6DASI6mIFdt7NmfX9UiByRzsYHGU9w==",
      "license": "MIT"
    },
    "node_modules/typescript": {
      "version": "5.9.3",
      "resolved": "https://registry.npmjs.org/typescript/-/typescript-5.9.3.tgz",
      "integrity": "sha512-jl1vZzPDinLr9eUt3J/t7V6FgNEw9QjvBPdysz9KfQDD41fQrC2Y4vKQdiaUpFT4bXlb1RHhLpp8wtm6M5TgSw==",
      "dev": true,
      "license": "Apache-2.0",
      "bin": {
        "tsc": "bin/tsc",
        "tsserver": "bin/tsserver"
      },
      "engines": {
        "node": ">=14.17"
      }
    },
    "node_modules/uuid-by-string": {
      "version": "4.0.0",
      "resolved": "https://registry.npmjs.org/uuid-by-string/-/uuid-by-string-4.0.0.tgz",
      "integrity": "sha512-88ZSfcSkN04juiLqSsuyteqlSrXNFdsEPzSv3urnElDXNsZUXQN0smeTnh99x2DE15SCUQNgqKBfro54CuzHNQ==",
      "license": "MIT",
      "dependencies": {
        "js-md5": "^0.7.3",
        "js-sha1": "^0.6.0"
      }
    }
  }
}
